
Microsoft Visual Studio Solution File, Format Version 12.00
# Visual Studio 14
VisualStudioVersion = 14.0.25420.1
MinimumVisualStudioVersion = 10.0.40219.1
Project("{FAE04EC0-301F-11D3-BF4B-00C04F79EFBC}") = "Composite design pattern", "Composite design pattern\Composite design pattern.csproj", "{F2AFE8EC-F4A3-40A8-832C-868F55C284A8}"
EndProject
Global
	GlobalSection(SolutionConfigurationPlatforms) = preSolution
		Debug|Any CPU = Debug|Any CPU
		Release|Any CPU = Release|Any CPU
	EndGlobalSection
	GlobalSection(ProjectConfigurationPlatforms) = postSolution
		{F2AFE8EC-F4A3-40A8-832C-868F55C284A8}.Debug|Any CPU.ActiveCfg = Debug|Any CPU
		{F2AFE8EC-F4A3-40A8-832C-868F55C284A8}.Debug|Any CPU.Build.0 = Debug|Any CPU
		{F2AFE8EC-F4A3-40A8-832C-868F55C284A8}.Release|Any CPU.ActiveCfg = Release|Any CPU
		{F2AFE8EC-F4A3-40A8-832C-868F55C284A8}.Release|Any CPU.Build.0 = Release|Any CPU
	EndGlobalSection
	GlobalSection(SolutionProperties) = preSolution
		HideSolutionNode = FALSE
	EndGlobalSection
EndGlobal
